// !$*UTF8*$!
{
	archiveVersion = 1;
	classes = {
	};
	objectVersion = 50;
	objects = {

/* Begin PBXBuildFile section */
		280863869E3892E05FAC908D /* Pods_CarCostsTrackerTests.framework in Frameworks */ = {isa = PBXBuildFile; fileRef = 2D9C01295C286551236208E8 /* Pods_CarCostsTrackerTests.framework */; };
		406D2F6F21635F29009A6586 /* AppModules.swift in Sources */ = {isa = PBXBuildFile; fileRef = 406D2F6E21635F29009A6586 /* AppModules.swift */; };
		4094042E21624B1F00002636 /* AppDelegate.swift in Sources */ = {isa = PBXBuildFile; fileRef = 4094042D21624B1F00002636 /* AppDelegate.swift */; };
		4094043521624B2000002636 /* Assets.xcassets in Resources */ = {isa = PBXBuildFile; fileRef = 4094043421624B2000002636 /* Assets.xcassets */; };
		4094043821624B2000002636 /* LaunchScreen.storyboard in Resources */ = {isa = PBXBuildFile; fileRef = 4094043621624B2000002636 /* LaunchScreen.storyboard */; };
		4094044321624B2000002636 /* CarCostsTrackerTests.swift in Sources */ = {isa = PBXBuildFile; fileRef = 4094044221624B2000002636 /* CarCostsTrackerTests.swift */; };
		40940456216265F200002636 /* History.storyboard in Resources */ = {isa = PBXBuildFile; fileRef = 4094044F216265F200002636 /* History.storyboard */; };
		40940457216265F200002636 /* HistoryDisplayData.swift in Sources */ = {isa = PBXBuildFile; fileRef = 40940450216265F200002636 /* HistoryDisplayData.swift */; };
		40940458216265F200002636 /* HistoryPresenter.swift in Sources */ = {isa = PBXBuildFile; fileRef = 40940451216265F200002636 /* HistoryPresenter.swift */; };
		40940459216265F200002636 /* HistoryRouter.swift in Sources */ = {isa = PBXBuildFile; fileRef = 40940452216265F200002636 /* HistoryRouter.swift */; };
		4094045A216265F200002636 /* HistoryModuleApi.swift in Sources */ = {isa = PBXBuildFile; fileRef = 40940453216265F200002636 /* HistoryModuleApi.swift */; };
		4094045B216265F200002636 /* HistoryInteractor.swift in Sources */ = {isa = PBXBuildFile; fileRef = 40940454216265F200002636 /* HistoryInteractor.swift */; };
		4094045C216265F200002636 /* HistoryView.swift in Sources */ = {isa = PBXBuildFile; fileRef = 40940455216265F200002636 /* HistoryView.swift */; };
		410EB1022164A66700515C3E /* Login.storyboard in Resources */ = {isa = PBXBuildFile; fileRef = 410EB0FB2164A66700515C3E /* Login.storyboard */; };
		410EB1032164A66700515C3E /* LoginDisplayData.swift in Sources */ = {isa = PBXBuildFile; fileRef = 410EB0FC2164A66700515C3E /* LoginDisplayData.swift */; };
		410EB1042164A66700515C3E /* LoginPresenter.swift in Sources */ = {isa = PBXBuildFile; fileRef = 410EB0FD2164A66700515C3E /* LoginPresenter.swift */; };
		410EB1052164A66700515C3E /* LoginRouter.swift in Sources */ = {isa = PBXBuildFile; fileRef = 410EB0FE2164A66700515C3E /* LoginRouter.swift */; };
		410EB1062164A66700515C3E /* LoginModuleApi.swift in Sources */ = {isa = PBXBuildFile; fileRef = 410EB0FF2164A66700515C3E /* LoginModuleApi.swift */; };
		410EB1072164A66700515C3E /* LoginInteractor.swift in Sources */ = {isa = PBXBuildFile; fileRef = 410EB1002164A66700515C3E /* LoginInteractor.swift */; };
		410EB1082164A66700515C3E /* LoginView.swift in Sources */ = {isa = PBXBuildFile; fileRef = 410EB1012164A66700515C3E /* LoginView.swift */; };
		410EB10A2164B9CC00515C3E /* UserAuth.swift in Sources */ = {isa = PBXBuildFile; fileRef = 410EB1092164B9CC00515C3E /* UserAuth.swift */; };
		410EB1132164DF3400515C3E /* NewHistoryData.storyboard in Resources */ = {isa = PBXBuildFile; fileRef = 410EB10C2164DF3300515C3E /* NewHistoryData.storyboard */; };
		410EB1142164DF3400515C3E /* NewHistoryDataDisplayData.swift in Sources */ = {isa = PBXBuildFile; fileRef = 410EB10D2164DF3300515C3E /* NewHistoryDataDisplayData.swift */; };
		410EB1152164DF3400515C3E /* NewHistoryDataPresenter.swift in Sources */ = {isa = PBXBuildFile; fileRef = 410EB10E2164DF3300515C3E /* NewHistoryDataPresenter.swift */; };
		410EB1162164DF3400515C3E /* NewHistoryDataRouter.swift in Sources */ = {isa = PBXBuildFile; fileRef = 410EB10F2164DF3300515C3E /* NewHistoryDataRouter.swift */; };
		410EB1172164DF3400515C3E /* NewHistoryDataModuleApi.swift in Sources */ = {isa = PBXBuildFile; fileRef = 410EB1102164DF3300515C3E /* NewHistoryDataModuleApi.swift */; };
		410EB1182164DF3400515C3E /* NewHistoryDataInteractor.swift in Sources */ = {isa = PBXBuildFile; fileRef = 410EB1112164DF3300515C3E /* NewHistoryDataInteractor.swift */; };
		410EB1192164DF3400515C3E /* NewHistoryDataView.swift in Sources */ = {isa = PBXBuildFile; fileRef = 410EB1122164DF3300515C3E /* NewHistoryDataView.swift */; };
		410EB11B216754FF00515C3E /* GoogleService-Info.plist in Resources */ = {isa = PBXBuildFile; fileRef = 410EB11A216754FF00515C3E /* GoogleService-Info.plist */; };
		414D03FF216C87D50035B3D2 /* Charts.storyboard in Resources */ = {isa = PBXBuildFile; fileRef = 414D03F8216C87D50035B3D2 /* Charts.storyboard */; };
		414D0400216C87D50035B3D2 /* ChartsDisplayData.swift in Sources */ = {isa = PBXBuildFile; fileRef = 414D03F9216C87D50035B3D2 /* ChartsDisplayData.swift */; };
		414D0401216C87D50035B3D2 /* ChartsPresenter.swift in Sources */ = {isa = PBXBuildFile; fileRef = 414D03FA216C87D50035B3D2 /* ChartsPresenter.swift */; };
		414D0402216C87D50035B3D2 /* ChartsRouter.swift in Sources */ = {isa = PBXBuildFile; fileRef = 414D03FB216C87D50035B3D2 /* ChartsRouter.swift */; };
		414D0403216C87D50035B3D2 /* ChartsModuleApi.swift in Sources */ = {isa = PBXBuildFile; fileRef = 414D03FC216C87D50035B3D2 /* ChartsModuleApi.swift */; };
		414D0404216C87D50035B3D2 /* ChartsInteractor.swift in Sources */ = {isa = PBXBuildFile; fileRef = 414D03FD216C87D50035B3D2 /* ChartsInteractor.swift */; };
		414D0405216C87D50035B3D2 /* ChartsView.swift in Sources */ = {isa = PBXBuildFile; fileRef = 414D03FE216C87D50035B3D2 /* ChartsView.swift */; };
		414D0419216F4E860035B3D2 /* AttachedImageView.storyboard in Resources */ = {isa = PBXBuildFile; fileRef = 414D0412216F4E860035B3D2 /* AttachedImageView.storyboard */; };
		414D041A216F4E860035B3D2 /* AttachedImageViewDisplayData.swift in Sources */ = {isa = PBXBuildFile; fileRef = 414D0413216F4E860035B3D2 /* AttachedImageViewDisplayData.swift */; };
		414D041B216F4E860035B3D2 /* AttachedImageViewPresenter.swift in Sources */ = {isa = PBXBuildFile; fileRef = 414D0414216F4E860035B3D2 /* AttachedImageViewPresenter.swift */; };
		414D041C216F4E860035B3D2 /* AttachedImageViewRouter.swift in Sources */ = {isa = PBXBuildFile; fileRef = 414D0415216F4E860035B3D2 /* AttachedImageViewRouter.swift */; };
		414D041D216F4E860035B3D2 /* AttachedImageViewModuleApi.swift in Sources */ = {isa = PBXBuildFile; fileRef = 414D0416216F4E860035B3D2 /* AttachedImageViewModuleApi.swift */; };
		414D041E216F4E860035B3D2 /* AttachedImageViewInteractor.swift in Sources */ = {isa = PBXBuildFile; fileRef = 414D0417216F4E860035B3D2 /* AttachedImageViewInteractor.swift */; };
		414D041F216F4E860035B3D2 /* AttachedImageViewView.swift in Sources */ = {isa = PBXBuildFile; fileRef = 414D0418216F4E860035B3D2 /* AttachedImageViewView.swift */; };
		41B52207218845E70001A412 /* Pulsing.swift in Sources */ = {isa = PBXBuildFile; fileRef = 41B52206218845E60001A412 /* Pulsing.swift */; };
		41DB53432163A189009C8755 /* HistoryCollectionViewCell.swift in Sources */ = {isa = PBXBuildFile; fileRef = 41DB53422163A189009C8755 /* HistoryCollectionViewCell.swift */; };
		41F4FC4321709E5200B43468 /* CustomActivityIndicator.swift in Sources */ = {isa = PBXBuildFile; fileRef = 41F4FC4221709E5200B43468 /* CustomActivityIndicator.swift */; };
		41F4FC472170D7C300B43468 /* NewHistoryDataActions.swift in Sources */ = {isa = PBXBuildFile; fileRef = 41F4FC462170D7C300B43468 /* NewHistoryDataActions.swift */; };
		41F4FC492179CB8B00B43468 /* UIImagePickerControllerDelegate+Rx.swift in Sources */ = {isa = PBXBuildFile; fileRef = 41F4FC482179CB8B00B43468 /* UIImagePickerControllerDelegate+Rx.swift */; };
		C9D39AA5E7C49BE4E7E0BD81 /* Pods_CarCostsTracker.framework in Frameworks */ = {isa = PBXBuildFile; fileRef = 1CA281969016F34CF2304D64 /* Pods_CarCostsTracker.framework */; };
/* End PBXBuildFile section */

/* Begin PBXContainerItemProxy section */
		4094043F21624B2000002636 /* PBXContainerItemProxy */ = {
			isa = PBXContainerItemProxy;
			containerPortal = 4094042221624B1F00002636 /* Project object */;
			proxyType = 1;
			remoteGlobalIDString = 4094042921624B1F00002636;
			remoteInfo = CarCostsTracker;
		};
/* End PBXContainerItemProxy section */

/* Begin PBXFileReference section */
		0365ECBA2F00E5FAC69FD5EF /* Pods-CarCostsTracker.debug.xcconfig */ = {isa = PBXFileReference; includeInIndex = 1; lastKnownFileType = text.xcconfig; name = "Pods-CarCostsTracker.debug.xcconfig"; path = "Pods/Target Support Files/Pods-CarCostsTracker/Pods-CarCostsTracker.debug.xcconfig"; sourceTree = "<group>"; };
		1CA281969016F34CF2304D64 /* Pods_CarCostsTracker.framework */ = {isa = PBXFileReference; explicitFileType = wrapper.framework; includeInIndex = 0; path = Pods_CarCostsTracker.framework; sourceTree = BUILT_PRODUCTS_DIR; };
		2548E44A2F1FBE28849AB0C9 /* Pods-CarCostsTrackerTests.release.xcconfig */ = {isa = PBXFileReference; includeInIndex = 1; lastKnownFileType = text.xcconfig; name = "Pods-CarCostsTrackerTests.release.xcconfig"; path = "Pods/Target Support Files/Pods-CarCostsTrackerTests/Pods-CarCostsTrackerTests.release.xcconfig"; sourceTree = "<group>"; };
		2D9C01295C286551236208E8 /* Pods_CarCostsTrackerTests.framework */ = {isa = PBXFileReference; explicitFileType = wrapper.framework; includeInIndex = 0; path = Pods_CarCostsTrackerTests.framework; sourceTree = BUILT_PRODUCTS_DIR; };
		406D2F6E21635F29009A6586 /* AppModules.swift */ = {isa = PBXFileReference; lastKnownFileType = sourcecode.swift; path = AppModules.swift; sourceTree = "<group>"; };
		4094042A21624B1F00002636 /* CarCostsTracker.app */ = {isa = PBXFileReference; explicitFileType = wrapper.application; includeInIndex = 0; path = CarCostsTracker.app; sourceTree = BUILT_PRODUCTS_DIR; };
		4094042D21624B1F00002636 /* AppDelegate.swift */ = {isa = PBXFileReference; lastKnownFileType = sourcecode.swift; path = AppDelegate.swift; sourceTree = "<group>"; };
		4094043421624B2000002636 /* Assets.xcassets */ = {isa = PBXFileReference; lastKnownFileType = folder.assetcatalog; path = Assets.xcassets; sourceTree = "<group>"; };
		4094043721624B2000002636 /* Base */ = {isa = PBXFileReference; lastKnownFileType = file.storyboard; name = Base; path = Base.lproj/LaunchScreen.storyboard; sourceTree = "<group>"; };
		4094043921624B2000002636 /* Info.plist */ = {isa = PBXFileReference; lastKnownFileType = text.plist.xml; path = Info.plist; sourceTree = "<group>"; };
		4094043E21624B2000002636 /* CarCostsTrackerTests.xctest */ = {isa = PBXFileReference; explicitFileType = wrapper.cfbundle; includeInIndex = 0; path = CarCostsTrackerTests.xctest; sourceTree = BUILT_PRODUCTS_DIR; };
		4094044221624B2000002636 /* CarCostsTrackerTests.swift */ = {isa = PBXFileReference; lastKnownFileType = sourcecode.swift; path = CarCostsTrackerTests.swift; sourceTree = "<group>"; };
		4094044421624B2000002636 /* Info.plist */ = {isa = PBXFileReference; lastKnownFileType = text.plist.xml; path = Info.plist; sourceTree = "<group>"; };
		4094044F216265F200002636 /* History.storyboard */ = {isa = PBXFileReference; lastKnownFileType = file.storyboard; path = History.storyboard; sourceTree = "<group>"; };
		40940450216265F200002636 /* HistoryDisplayData.swift */ = {isa = PBXFileReference; lastKnownFileType = sourcecode.swift; path = HistoryDisplayData.swift; sourceTree = "<group>"; };
		40940451216265F200002636 /* HistoryPresenter.swift */ = {isa = PBXFileReference; lastKnownFileType = sourcecode.swift; path = HistoryPresenter.swift; sourceTree = "<group>"; };
		40940452216265F200002636 /* HistoryRouter.swift */ = {isa = PBXFileReference; lastKnownFileType = sourcecode.swift; path = HistoryRouter.swift; sourceTree = "<group>"; };
		40940453216265F200002636 /* HistoryModuleApi.swift */ = {isa = PBXFileReference; lastKnownFileType = sourcecode.swift; path = HistoryModuleApi.swift; sourceTree = "<group>"; };
		40940454216265F200002636 /* HistoryInteractor.swift */ = {isa = PBXFileReference; lastKnownFileType = sourcecode.swift; path = HistoryInteractor.swift; sourceTree = "<group>"; };
		40940455216265F200002636 /* HistoryView.swift */ = {isa = PBXFileReference; lastKnownFileType = sourcecode.swift; path = HistoryView.swift; sourceTree = "<group>"; };
		410EB0FB2164A66700515C3E /* Login.storyboard */ = {isa = PBXFileReference; lastKnownFileType = file.storyboard; path = Login.storyboard; sourceTree = "<group>"; };
		410EB0FC2164A66700515C3E /* LoginDisplayData.swift */ = {isa = PBXFileReference; lastKnownFileType = sourcecode.swift; path = LoginDisplayData.swift; sourceTree = "<group>"; };
		410EB0FD2164A66700515C3E /* LoginPresenter.swift */ = {isa = PBXFileReference; lastKnownFileType = sourcecode.swift; path = LoginPresenter.swift; sourceTree = "<group>"; };
		410EB0FE2164A66700515C3E /* LoginRouter.swift */ = {isa = PBXFileReference; lastKnownFileType = sourcecode.swift; path = LoginRouter.swift; sourceTree = "<group>"; };
		410EB0FF2164A66700515C3E /* LoginModuleApi.swift */ = {isa = PBXFileReference; lastKnownFileType = sourcecode.swift; path = LoginModuleApi.swift; sourceTree = "<group>"; };
		410EB1002164A66700515C3E /* LoginInteractor.swift */ = {isa = PBXFileReference; lastKnownFileType = sourcecode.swift; path = LoginInteractor.swift; sourceTree = "<group>"; };
		410EB1012164A66700515C3E /* LoginView.swift */ = {isa = PBXFileReference; lastKnownFileType = sourcecode.swift; path = LoginView.swift; sourceTree = "<group>"; };
		410EB1092164B9CC00515C3E /* UserAuth.swift */ = {isa = PBXFileReference; lastKnownFileType = sourcecode.swift; path = UserAuth.swift; sourceTree = "<group>"; };
		410EB10C2164DF3300515C3E /* NewHistoryData.storyboard */ = {isa = PBXFileReference; lastKnownFileType = file.storyboard; path = NewHistoryData.storyboard; sourceTree = "<group>"; };
		410EB10D2164DF3300515C3E /* NewHistoryDataDisplayData.swift */ = {isa = PBXFileReference; lastKnownFileType = sourcecode.swift; path = NewHistoryDataDisplayData.swift; sourceTree = "<group>"; };
		410EB10E2164DF3300515C3E /* NewHistoryDataPresenter.swift */ = {isa = PBXFileReference; lastKnownFileType = sourcecode.swift; path = NewHistoryDataPresenter.swift; sourceTree = "<group>"; };
		410EB10F2164DF3300515C3E /* NewHistoryDataRouter.swift */ = {isa = PBXFileReference; lastKnownFileType = sourcecode.swift; path = NewHistoryDataRouter.swift; sourceTree = "<group>"; };
		410EB1102164DF3300515C3E /* NewHistoryDataModuleApi.swift */ = {isa = PBXFileReference; lastKnownFileType = sourcecode.swift; path = NewHistoryDataModuleApi.swift; sourceTree = "<group>"; };
		410EB1112164DF3300515C3E /* NewHistoryDataInteractor.swift */ = {isa = PBXFileReference; lastKnownFileType = sourcecode.swift; path = NewHistoryDataInteractor.swift; sourceTree = "<group>"; };
		410EB1122164DF3300515C3E /* NewHistoryDataView.swift */ = {isa = PBXFileReference; lastKnownFileType = sourcecode.swift; path = NewHistoryDataView.swift; sourceTree = "<group>"; };
		410EB11A216754FF00515C3E /* GoogleService-Info.plist */ = {isa = PBXFileReference; fileEncoding = 4; lastKnownFileType = text.plist.xml; path = "GoogleService-Info.plist"; sourceTree = "<group>"; };
		414D03F8216C87D50035B3D2 /* Charts.storyboard */ = {isa = PBXFileReference; lastKnownFileType = file.storyboard; path = Charts.storyboard; sourceTree = "<group>"; };
		414D03F9216C87D50035B3D2 /* ChartsDisplayData.swift */ = {isa = PBXFileReference; lastKnownFileType = sourcecode.swift; path = ChartsDisplayData.swift; sourceTree = "<group>"; };
		414D03FA216C87D50035B3D2 /* ChartsPresenter.swift */ = {isa = PBXFileReference; lastKnownFileType = sourcecode.swift; path = ChartsPresenter.swift; sourceTree = "<group>"; };
		414D03FB216C87D50035B3D2 /* ChartsRouter.swift */ = {isa = PBXFileReference; lastKnownFileType = sourcecode.swift; path = ChartsRouter.swift; sourceTree = "<group>"; };
		414D03FC216C87D50035B3D2 /* ChartsModuleApi.swift */ = {isa = PBXFileReference; lastKnownFileType = sourcecode.swift; path = ChartsModuleApi.swift; sourceTree = "<group>"; };
		414D03FD216C87D50035B3D2 /* ChartsInteractor.swift */ = {isa = PBXFileReference; lastKnownFileType = sourcecode.swift; path = ChartsInteractor.swift; sourceTree = "<group>"; };
		414D03FE216C87D50035B3D2 /* ChartsView.swift */ = {isa = PBXFileReference; lastKnownFileType = sourcecode.swift; path = ChartsView.swift; sourceTree = "<group>"; };
		414D0412216F4E860035B3D2 /* AttachedImageView.storyboard */ = {isa = PBXFileReference; lastKnownFileType = file.storyboard; path = AttachedImageView.storyboard; sourceTree = "<group>"; };
		414D0413216F4E860035B3D2 /* AttachedImageViewDisplayData.swift */ = {isa = PBXFileReference; lastKnownFileType = sourcecode.swift; path = AttachedImageViewDisplayData.swift; sourceTree = "<group>"; };
		414D0414216F4E860035B3D2 /* AttachedImageViewPresenter.swift */ = {isa = PBXFileReference; lastKnownFileType = sourcecode.swift; path = AttachedImageViewPresenter.swift; sourceTree = "<group>"; };
		414D0415216F4E860035B3D2 /* AttachedImageViewRouter.swift */ = {isa = PBXFileReference; lastKnownFileType = sourcecode.swift; path = AttachedImageViewRouter.swift; sourceTree = "<group>"; };
		414D0416216F4E860035B3D2 /* AttachedImageViewModuleApi.swift */ = {isa = PBXFileReference; lastKnownFileType = sourcecode.swift; path = AttachedImageViewModuleApi.swift; sourceTree = "<group>"; };
		414D0417216F4E860035B3D2 /* AttachedImageViewInteractor.swift */ = {isa = PBXFileReference; lastKnownFileType = sourcecode.swift; path = AttachedImageViewInteractor.swift; sourceTree = "<group>"; };
		414D0418216F4E860035B3D2 /* AttachedImageViewView.swift */ = {isa = PBXFileReference; lastKnownFileType = sourcecode.swift; path = AttachedImageViewView.swift; sourceTree = "<group>"; };
		41B52206218845E60001A412 /* Pulsing.swift */ = {isa = PBXFileReference; lastKnownFileType = sourcecode.swift; path = Pulsing.swift; sourceTree = "<group>"; };
		41DB53422163A189009C8755 /* HistoryCollectionViewCell.swift */ = {isa = PBXFileReference; lastKnownFileType = sourcecode.swift; path = HistoryCollectionViewCell.swift; sourceTree = "<group>"; };
		41F4FC4221709E5200B43468 /* CustomActivityIndicator.swift */ = {isa = PBXFileReference; lastKnownFileType = sourcecode.swift; path = CustomActivityIndicator.swift; sourceTree = "<group>"; };
		41F4FC462170D7C300B43468 /* NewHistoryDataActions.swift */ = {isa = PBXFileReference; lastKnownFileType = sourcecode.swift; path = NewHistoryDataActions.swift; sourceTree = "<group>"; };
		41F4FC482179CB8B00B43468 /* UIImagePickerControllerDelegate+Rx.swift */ = {isa = PBXFileReference; lastKnownFileType = sourcecode.swift; path = "UIImagePickerControllerDelegate+Rx.swift"; sourceTree = "<group>"; };
		53EBE42513C43B80F7DEEB60 /* Pods-CarCostsTrackerTests.debug.xcconfig */ = {isa = PBXFileReference; includeInIndex = 1; lastKnownFileType = text.xcconfig; name = "Pods-CarCostsTrackerTests.debug.xcconfig"; path = "Pods/Target Support Files/Pods-CarCostsTrackerTests/Pods-CarCostsTrackerTests.debug.xcconfig"; sourceTree = "<group>"; };
		F92AC99AFDE02AA40EE6A7E4 /* Pods-CarCostsTracker.release.xcconfig */ = {isa = PBXFileReference; includeInIndex = 1; lastKnownFileType = text.xcconfig; name = "Pods-CarCostsTracker.release.xcconfig"; path = "Pods/Target Support Files/Pods-CarCostsTracker/Pods-CarCostsTracker.release.xcconfig"; sourceTree = "<group>"; };
/* End PBXFileReference section */

/* Begin PBXFrameworksBuildPhase section */
		4094042721624B1F00002636 /* Frameworks */ = {
			isa = PBXFrameworksBuildPhase;
			buildActionMask = 2147483647;
			files = (
				C9D39AA5E7C49BE4E7E0BD81 /* Pods_CarCostsTracker.framework in Frameworks */,
			);
			runOnlyForDeploymentPostprocessing = 0;
		};
		4094043B21624B2000002636 /* Frameworks */ = {
			isa = PBXFrameworksBuildPhase;
			buildActionMask = 2147483647;
			files = (
				280863869E3892E05FAC908D /* Pods_CarCostsTrackerTests.framework in Frameworks */,
			);
			runOnlyForDeploymentPostprocessing = 0;
		};
/* End PBXFrameworksBuildPhase section */

/* Begin PBXGroup section */
		406D2F6C21635EEF009A6586 /* History */ = {
			isa = PBXGroup;
			children = (
				40940452216265F200002636 /* HistoryRouter.swift */,
				4094044F216265F200002636 /* History.storyboard */,
				40940455216265F200002636 /* HistoryView.swift */,
				40940450216265F200002636 /* HistoryDisplayData.swift */,
				40940451216265F200002636 /* HistoryPresenter.swift */,
				40940453216265F200002636 /* HistoryModuleApi.swift */,
				40940454216265F200002636 /* HistoryInteractor.swift */,
				41DB53422163A189009C8755 /* HistoryCollectionViewCell.swift */,
				41B52206218845E60001A412 /* Pulsing.swift */,
			);
			path = History;
			sourceTree = "<group>";
		};
		406D2F6D21635F10009A6586 /* Supporting */ = {
			isa = PBXGroup;
			children = (
				4094043621624B2000002636 /* LaunchScreen.storyboard */,
				4094043921624B2000002636 /* Info.plist */,
				410EB11A216754FF00515C3E /* GoogleService-Info.plist */,
				4094042D21624B1F00002636 /* AppDelegate.swift */,
				4094043421624B2000002636 /* Assets.xcassets */,
				410EB1092164B9CC00515C3E /* UserAuth.swift */,
				41F4FC4221709E5200B43468 /* CustomActivityIndicator.swift */,
			);
			path = Supporting;
			sourceTree = "<group>";
		};
		4094042121624B1F00002636 = {
			isa = PBXGroup;
			children = (
				4094042C21624B1F00002636 /* CarCostsTracker */,
				4094044121624B2000002636 /* CarCostsTrackerTests */,
				4094042B21624B1F00002636 /* Products */,
				D95F62C56E4802A7A10C0640 /* Pods */,
				DCB5B1D6FAB195C7110EC92B /* Frameworks */,
			);
			sourceTree = "<group>";
		};
		4094042B21624B1F00002636 /* Products */ = {
			isa = PBXGroup;
			children = (
				4094042A21624B1F00002636 /* CarCostsTracker.app */,
				4094043E21624B2000002636 /* CarCostsTrackerTests.xctest */,
			);
			name = Products;
			sourceTree = "<group>";
		};
		4094042C21624B1F00002636 /* CarCostsTracker */ = {
			isa = PBXGroup;
			children = (
				414D0411216F4CB80035B3D2 /* AttachedImageView */,
				414D03F7216C87A80035B3D2 /* Charts */,
				410EB10B2164DE8700515C3E /* NewHistoryData */,
				410EB0FA2164A65100515C3E /* Login */,
				406D2F6C21635EEF009A6586 /* History */,
				406D2F6D21635F10009A6586 /* Supporting */,
				406D2F6E21635F29009A6586 /* AppModules.swift */,
			);
			path = CarCostsTracker;
			sourceTree = "<group>";
		};
		4094044121624B2000002636 /* CarCostsTrackerTests */ = {
			isa = PBXGroup;
			children = (
				4094044221624B2000002636 /* CarCostsTrackerTests.swift */,
				4094044421624B2000002636 /* Info.plist */,
			);
			path = CarCostsTrackerTests;
			sourceTree = "<group>";
		};
		410EB0FA2164A65100515C3E /* Login */ = {
			isa = PBXGroup;
			children = (
				410EB0FB2164A66700515C3E /* Login.storyboard */,
				410EB0FC2164A66700515C3E /* LoginDisplayData.swift */,
				410EB0FD2164A66700515C3E /* LoginPresenter.swift */,
				410EB0FE2164A66700515C3E /* LoginRouter.swift */,
				410EB0FF2164A66700515C3E /* LoginModuleApi.swift */,
				410EB1002164A66700515C3E /* LoginInteractor.swift */,
				410EB1012164A66700515C3E /* LoginView.swift */,
			);
			path = Login;
			sourceTree = "<group>";
		};
		410EB10B2164DE8700515C3E /* NewHistoryData */ = {
			isa = PBXGroup;
			children = (
				410EB10C2164DF3300515C3E /* NewHistoryData.storyboard */,
				410EB10D2164DF3300515C3E /* NewHistoryDataDisplayData.swift */,
				410EB10E2164DF3300515C3E /* NewHistoryDataPresenter.swift */,
				410EB10F2164DF3300515C3E /* NewHistoryDataRouter.swift */,
				410EB1102164DF3300515C3E /* NewHistoryDataModuleApi.swift */,
				410EB1112164DF3300515C3E /* NewHistoryDataInteractor.swift */,
				410EB1122164DF3300515C3E /* NewHistoryDataView.swift */,
				41F4FC482179CB8B00B43468 /* UIImagePickerControllerDelegate+Rx.swift */,
				41F4FC462170D7C300B43468 /* NewHistoryDataActions.swift */,
			);
			path = NewHistoryData;
			sourceTree = "<group>";
		};
		414D03F7216C87A80035B3D2 /* Charts */ = {
			isa = PBXGroup;
			children = (
				414D03F8216C87D50035B3D2 /* Charts.storyboard */,
				414D03F9216C87D50035B3D2 /* ChartsDisplayData.swift */,
				414D03FA216C87D50035B3D2 /* ChartsPresenter.swift */,
				414D03FB216C87D50035B3D2 /* ChartsRouter.swift */,
				414D03FC216C87D50035B3D2 /* ChartsModuleApi.swift */,
				414D03FD216C87D50035B3D2 /* ChartsInteractor.swift */,
				414D03FE216C87D50035B3D2 /* ChartsView.swift */,
			);
			path = Charts;
			sourceTree = "<group>";
		};
		414D0411216F4CB80035B3D2 /* AttachedImageView */ = {
			isa = PBXGroup;
			children = (
				414D0412216F4E860035B3D2 /* AttachedImageView.storyboard */,
				414D0413216F4E860035B3D2 /* AttachedImageViewDisplayData.swift */,
				414D0414216F4E860035B3D2 /* AttachedImageViewPresenter.swift */,
				414D0415216F4E860035B3D2 /* AttachedImageViewRouter.swift */,
				414D0416216F4E860035B3D2 /* AttachedImageViewModuleApi.swift */,
				414D0417216F4E860035B3D2 /* AttachedImageViewInteractor.swift */,
				414D0418216F4E860035B3D2 /* AttachedImageViewView.swift */,
			);
			path = AttachedImageView;
			sourceTree = "<group>";
		};
		D95F62C56E4802A7A10C0640 /* Pods */ = {
			isa = PBXGroup;
			children = (
				0365ECBA2F00E5FAC69FD5EF /* Pods-CarCostsTracker.debug.xcconfig */,
				F92AC99AFDE02AA40EE6A7E4 /* Pods-CarCostsTracker.release.xcconfig */,
				53EBE42513C43B80F7DEEB60 /* Pods-CarCostsTrackerTests.debug.xcconfig */,
				2548E44A2F1FBE28849AB0C9 /* Pods-CarCostsTrackerTests.release.xcconfig */,
			);
			name = Pods;
			sourceTree = "<group>";
		};
		DCB5B1D6FAB195C7110EC92B /* Frameworks */ = {
			isa = PBXGroup;
			children = (
				1CA281969016F34CF2304D64 /* Pods_CarCostsTracker.framework */,
				2D9C01295C286551236208E8 /* Pods_CarCostsTrackerTests.framework */,
			);
			name = Frameworks;
			sourceTree = "<group>";
		};
/* End PBXGroup section */

/* Begin PBXNativeTarget section */
		4094042921624B1F00002636 /* CarCostsTracker */ = {
			isa = PBXNativeTarget;
			buildConfigurationList = 4094044721624B2000002636 /* Build configuration list for PBXNativeTarget "CarCostsTracker" */;
			buildPhases = (
				04B35B2F496BEE142516C693 /* [CP] Check Pods Manifest.lock */,
				4094042621624B1F00002636 /* Sources */,
				4094042721624B1F00002636 /* Frameworks */,
				4094042821624B1F00002636 /* Resources */,
				5BE12A0CE6E906285E62FFF4 /* [CP] Embed Pods Frameworks */,
				89C3E6E8445E8D810D3E76A4 /* [CP] Copy Pods Resources */,
			);
			buildRules = (
			);
			dependencies = (
			);
			name = CarCostsTracker;
			productName = CarCostsTracker;
			productReference = 4094042A21624B1F00002636 /* CarCostsTracker.app */;
			productType = "com.apple.product-type.application";
		};
		4094043D21624B2000002636 /* CarCostsTrackerTests */ = {
			isa = PBXNativeTarget;
			buildConfigurationList = 4094044A21624B2000002636 /* Build configuration list for PBXNativeTarget "CarCostsTrackerTests" */;
			buildPhases = (
				B6984E8CAD5AC71BFBDD7DCF /* [CP] Check Pods Manifest.lock */,
				4094043A21624B2000002636 /* Sources */,
				4094043B21624B2000002636 /* Frameworks */,
				4094043C21624B2000002636 /* Resources */,
			);
			buildRules = (
			);
			dependencies = (
				4094044021624B2000002636 /* PBXTargetDependency */,
			);
			name = CarCostsTrackerTests;
			productName = CarCostsTrackerTests;
			productReference = 4094043E21624B2000002636 /* CarCostsTrackerTests.xctest */;
			productType = "com.apple.product-type.bundle.unit-test";
		};
/* End PBXNativeTarget section */

/* Begin PBXProject section */
		4094042221624B1F00002636 /* Project object */ = {
			isa = PBXProject;
			attributes = {
				LastSwiftUpdateCheck = 1000;
				LastUpgradeCheck = 1000;
				ORGANIZATIONNAME = "Ilyas-Karshigabekov";
				TargetAttributes = {
					4094042921624B1F00002636 = {
						CreatedOnToolsVersion = 10.0;
					};
					4094043D21624B2000002636 = {
						CreatedOnToolsVersion = 10.0;
						TestTargetID = 4094042921624B1F00002636;
					};
				};
			};
			buildConfigurationList = 4094042521624B1F00002636 /* Build configuration list for PBXProject "CarCostsTracker" */;
			compatibilityVersion = "Xcode 9.3";
			developmentRegion = en;
			hasScannedForEncodings = 0;
			knownRegions = (
				en,
				Base,
			);
			mainGroup = 4094042121624B1F00002636;
			productRefGroup = 4094042B21624B1F00002636 /* Products */;
			projectDirPath = "";
			projectRoot = "";
			targets = (
				4094042921624B1F00002636 /* CarCostsTracker */,
				4094043D21624B2000002636 /* CarCostsTrackerTests */,
			);
		};
/* End PBXProject section */

/* Begin PBXResourcesBuildPhase section */
		4094042821624B1F00002636 /* Resources */ = {
			isa = PBXResourcesBuildPhase;
			buildActionMask = 2147483647;
			files = (
				410EB1132164DF3400515C3E /* NewHistoryData.storyboard in Resources */,
				414D03FF216C87D50035B3D2 /* Charts.storyboard in Resources */,
				4094043821624B2000002636 /* LaunchScreen.storyboard in Resources */,
				4094043521624B2000002636 /* Assets.xcassets in Resources */,
				410EB1022164A66700515C3E /* Login.storyboard in Resources */,
				40940456216265F200002636 /* History.storyboard in Resources */,
				410EB11B216754FF00515C3E /* GoogleService-Info.plist in Resources */,
				414D0419216F4E860035B3D2 /* AttachedImageView.storyboard in Resources */,
			);
			runOnlyForDeploymentPostprocessing = 0;
		};
		4094043C21624B2000002636 /* Resources */ = {
			isa = PBXResourcesBuildPhase;
			buildActionMask = 2147483647;
			files = (
			);
			runOnlyForDeploymentPostprocessing = 0;
		};
/* End PBXResourcesBuildPhase section */

/* Begin PBXShellScriptBuildPhase section */
		04B35B2F496BEE142516C693 /* [CP] Check Pods Manifest.lock */ = {
			isa = PBXShellScriptBuildPhase;
			buildActionMask = 2147483647;
			files = (
			);
			inputPaths = (
				"${PODS_PODFILE_DIR_PATH}/Podfile.lock",
				"${PODS_ROOT}/Manifest.lock",
			);
			name = "[CP] Check Pods Manifest.lock";
			outputPaths = (
				"$(DERIVED_FILE_DIR)/Pods-CarCostsTracker-checkManifestLockResult.txt",
			);
			runOnlyForDeploymentPostprocessing = 0;
			shellPath = /bin/sh;
			shellScript = "diff \"${PODS_PODFILE_DIR_PATH}/Podfile.lock\" \"${PODS_ROOT}/Manifest.lock\" > /dev/null\nif [ $? != 0 ] ; then\n    # print error to STDERR\n    echo \"error: The sandbox is not in sync with the Podfile.lock. Run 'pod install' or update your CocoaPods installation.\" >&2\n    exit 1\nfi\n# This output is used by Xcode 'outputs' to avoid re-running this script phase.\necho \"SUCCESS\" > \"${SCRIPT_OUTPUT_FILE_0}\"\n";
			showEnvVarsInLog = 0;
		};
		5BE12A0CE6E906285E62FFF4 /* [CP] Embed Pods Frameworks */ = {
			isa = PBXShellScriptBuildPhase;
			buildActionMask = 2147483647;
			files = (
			);
			inputPaths = (
				"${SRCROOT}/Pods/Target Support Files/Pods-CarCostsTracker/Pods-CarCostsTracker-frameworks.sh",
				"${BUILT_PRODUCTS_DIR}/Bolts/Bolts.framework",
				"${BUILT_PRODUCTS_DIR}/BoringSSL/openssl.framework",
				"${BUILT_PRODUCTS_DIR}/Charts/Charts.framework",
				"${BUILT_PRODUCTS_DIR}/FBSDKCoreKit/FBSDKCoreKit.framework",
				"${BUILT_PRODUCTS_DIR}/FBSDKLoginKit/FBSDKLoginKit.framework",
				"${BUILT_PRODUCTS_DIR}/GTMOAuth2/GTMOAuth2.framework",
				"${BUILT_PRODUCTS_DIR}/GTMSessionFetcher/GTMSessionFetcher.framework",
				"${BUILT_PRODUCTS_DIR}/GoogleToolboxForMac/GoogleToolboxForMac.framework",
				"${BUILT_PRODUCTS_DIR}/Protobuf/Protobuf.framework",
				"${BUILT_PRODUCTS_DIR}/RxCocoa/RxCocoa.framework",
				"${BUILT_PRODUCTS_DIR}/RxOptional/RxOptional.framework",
				"${BUILT_PRODUCTS_DIR}/RxSwift/RxSwift.framework",
				"${BUILT_PRODUCTS_DIR}/SDWebImage/SDWebImage.framework",
				"${PODS_ROOT}/TwitterCore/iOS/TwitterCore.framework",
				"${PODS_ROOT}/TwitterKit/iOS/TwitterKit.framework",
				"${BUILT_PRODUCTS_DIR}/Viperit/Viperit.framework",
				"${BUILT_PRODUCTS_DIR}/gRPC/GRPCClient.framework",
				"${BUILT_PRODUCTS_DIR}/gRPC-Core/grpc.framework",
				"${BUILT_PRODUCTS_DIR}/gRPC-ProtoRPC/ProtoRPC.framework",
				"${BUILT_PRODUCTS_DIR}/gRPC-RxLibrary/RxLibrary.framework",
				"${BUILT_PRODUCTS_DIR}/leveldb-library/leveldb.framework",
				"${BUILT_PRODUCTS_DIR}/nanopb/nanopb.framework",
			);
			name = "[CP] Embed Pods Frameworks";
			outputPaths = (
				"${TARGET_BUILD_DIR}/${FRAMEWORKS_FOLDER_PATH}/Bolts.framework",
				"${TARGET_BUILD_DIR}/${FRAMEWORKS_FOLDER_PATH}/openssl.framework",
				"${TARGET_BUILD_DIR}/${FRAMEWORKS_FOLDER_PATH}/Charts.framework",
				"${TARGET_BUILD_DIR}/${FRAMEWORKS_FOLDER_PATH}/FBSDKCoreKit.framework",
				"${TARGET_BUILD_DIR}/${FRAMEWORKS_FOLDER_PATH}/FBSDKLoginKit.framework",
				"${TARGET_BUILD_DIR}/${FRAMEWORKS_FOLDER_PATH}/GTMOAuth2.framework",
				"${TARGET_BUILD_DIR}/${FRAMEWORKS_FOLDER_PATH}/GTMSessionFetcher.framework",
				"${TARGET_BUILD_DIR}/${FRAMEWORKS_FOLDER_PATH}/GoogleToolboxForMac.framework",
				"${TARGET_BUILD_DIR}/${FRAMEWORKS_FOLDER_PATH}/Protobuf.framework",
				"${TARGET_BUILD_DIR}/${FRAMEWORKS_FOLDER_PATH}/RxCocoa.framework",
				"${TARGET_BUILD_DIR}/${FRAMEWORKS_FOLDER_PATH}/RxOptional.framework",
				"${TARGET_BUILD_DIR}/${FRAMEWORKS_FOLDER_PATH}/RxSwift.framework",
				"${TARGET_BUILD_DIR}/${FRAMEWORKS_FOLDER_PATH}/SDWebImage.framework",
				"${TARGET_BUILD_DIR}/${FRAMEWORKS_FOLDER_PATH}/TwitterCore.framework",
				"${TARGET_BUILD_DIR}/${FRAMEWORKS_FOLDER_PATH}/TwitterKit.framework",
				"${TARGET_BUILD_DIR}/${FRAMEWORKS_FOLDER_PATH}/Viperit.framework",
				"${TARGET_BUILD_DIR}/${FRAMEWORKS_FOLDER_PATH}/GRPCClient.framework",
				"${TARGET_BUILD_DIR}/${FRAMEWORKS_FOLDER_PATH}/grpc.framework",
				"${TARGET_BUILD_DIR}/${FRAMEWORKS_FOLDER_PATH}/ProtoRPC.framework",
				"${TARGET_BUILD_DIR}/${FRAMEWORKS_FOLDER_PATH}/RxLibrary.framework",
				"${TARGET_BUILD_DIR}/${FRAMEWORKS_FOLDER_PATH}/leveldb.framework",
				"${TARGET_BUILD_DIR}/${FRAMEWORKS_FOLDER_PATH}/nanopb.framework",
			);
			runOnlyForDeploymentPostprocessing = 0;
			shellPath = /bin/sh;
			shellScript = "\"${SRCROOT}/Pods/Target Support Files/Pods-CarCostsTracker/Pods-CarCostsTracker-frameworks.sh\"\n";
			showEnvVarsInLog = 0;
		};
		89C3E6E8445E8D810D3E76A4 /* [CP] Copy Pods Resources */ = {
			isa = PBXShellScriptBuildPhase;
			buildActionMask = 2147483647;
			files = (
			);
			inputFileListPaths = (
			);
			inputPaths = (
				"${SRCROOT}/Pods/Target Support Files/Pods-CarCostsTracker/Pods-CarCostsTracker-resources.sh",
				"${PODS_CONFIGURATION_BUILD_DIR}/FirebaseUI/FirebaseAnonymousAuthUI.bundle",
				"${PODS_CONFIGURATION_BUILD_DIR}/FirebaseUI/FirebaseAuthUI.bundle",
				"${PODS_CONFIGURATION_BUILD_DIR}/FirebaseUI/FirebaseFacebookAuthUI.bundle",
				"${PODS_CONFIGURATION_BUILD_DIR}/FirebaseUI/FirebaseGoogleAuthUI.bundle",
				"${PODS_CONFIGURATION_BUILD_DIR}/FirebaseUI/FirebasePhoneAuthUI.bundle",
				"${PODS_CONFIGURATION_BUILD_DIR}/FirebaseUI/FirebaseTwitterAuthUI.bundle",
				"${PODS_ROOT}/GoogleSignIn/Resources/GoogleSignIn.bundle",
				"${PODS_ROOT}/TwitterKit/iOS/TwitterKit.framework/TwitterKitResources.bundle",
			);
			name = "[CP] Copy Pods Resources";
			outputFileListPaths = (
			);
			outputPaths = (
				"${TARGET_BUILD_DIR}/${UNLOCALIZED_RESOURCES_FOLDER_PATH}/FirebaseAnonymousAuthUI.bundle",
				"${TARGET_BUILD_DIR}/${UNLOCALIZED_RESOURCES_FOLDER_PATH}/FirebaseAuthUI.bundle",
				"${TARGET_BUILD_DIR}/${UNLOCALIZED_RESOURCES_FOLDER_PATH}/FirebaseFacebookAuthUI.bundle",
				"${TARGET_BUILD_DIR}/${UNLOCALIZED_RESOURCES_FOLDER_PATH}/FirebaseGoogleAuthUI.bundle",
				"${TARGET_BUILD_DIR}/${UNLOCALIZED_RESOURCES_FOLDER_PATH}/FirebasePhoneAuthUI.bundle",
				"${TARGET_BUILD_DIR}/${UNLOCALIZED_RESOURCES_FOLDER_PATH}/FirebaseTwitterAuthUI.bundle",
				"${TARGET_BUILD_DIR}/${UNLOCALIZED_RESOURCES_FOLDER_PATH}/GoogleSignIn.bundle",
				"${TARGET_BUILD_DIR}/${UNLOCALIZED_RESOURCES_FOLDER_PATH}/TwitterKitResources.bundle",
			);
			runOnlyForDeploymentPostprocessing = 0;
			shellPath = /bin/sh;
			shellScript = "\"${SRCROOT}/Pods/Target Support Files/Pods-CarCostsTracker/Pods-CarCostsTracker-resources.sh\"\n";
			showEnvVarsInLog = 0;
		};
		B6984E8CAD5AC71BFBDD7DCF /* [CP] Check Pods Manifest.lock */ = {
			isa = PBXShellScriptBuildPhase;
			buildActionMask = 2147483647;
			files = (
			);
			inputPaths = (
				"${PODS_PODFILE_DIR_PATH}/Podfile.lock",
				"${PODS_ROOT}/Manifest.lock",
			);
			name = "[CP] Check Pods Manifest.lock";
			outputPaths = (
				"$(DERIVED_FILE_DIR)/Pods-CarCostsTrackerTests-checkManifestLockResult.txt",
			);
			runOnlyForDeploymentPostprocessing = 0;
			shellPath = /bin/sh;
			shellScript = "diff \"${PODS_PODFILE_DIR_PATH}/Podfile.lock\" \"${PODS_ROOT}/Manifest.lock\" > /dev/null\nif [ $? != 0 ] ; then\n    # print error to STDERR\n    echo \"error: The sandbox is not in sync with the Podfile.lock. Run 'pod install' or update your CocoaPods installation.\" >&2\n    exit 1\nfi\n# This output is used by Xcode 'outputs' to avoid re-running this script phase.\necho \"SUCCESS\" > \"${SCRIPT_OUTPUT_FILE_0}\"\n";
			showEnvVarsInLog = 0;
		};
/* End PBXShellScriptBuildPhase section */

/* Begin PBXSourcesBuildPhase section */
		4094042621624B1F00002636 /* Sources */ = {
			isa = PBXSourcesBuildPhase;
			buildActionMask = 2147483647;
			files = (
				410EB1152164DF3400515C3E /* NewHistoryDataPresenter.swift in Sources */,
				4094045C216265F200002636 /* HistoryView.swift in Sources */,
				410EB1162164DF3400515C3E /* NewHistoryDataRouter.swift in Sources */,
				414D0403216C87D50035B3D2 /* ChartsModuleApi.swift in Sources */,
				414D0400216C87D50035B3D2 /* ChartsDisplayData.swift in Sources */,
				4094042E21624B1F00002636 /* AppDelegate.swift in Sources */,
				41B52207218845E70001A412 /* Pulsing.swift in Sources */,
				414D0401216C87D50035B3D2 /* ChartsPresenter.swift in Sources */,
				414D0405216C87D50035B3D2 /* ChartsView.swift in Sources */,
				414D0404216C87D50035B3D2 /* ChartsInteractor.swift in Sources */,
				41F4FC472170D7C300B43468 /* NewHistoryDataActions.swift in Sources */,
				414D041A216F4E860035B3D2 /* AttachedImageViewDisplayData.swift in Sources */,
				410EB1072164A66700515C3E /* LoginInteractor.swift in Sources */,
				410EB1082164A66700515C3E /* LoginView.swift in Sources */,
				410EB1172164DF3400515C3E /* NewHistoryDataModuleApi.swift in Sources */,
				41F4FC4321709E5200B43468 /* CustomActivityIndicator.swift in Sources */,
				410EB1052164A66700515C3E /* LoginRouter.swift in Sources */,
				414D041D216F4E860035B3D2 /* AttachedImageViewModuleApi.swift in Sources */,
				40940459216265F200002636 /* HistoryRouter.swift in Sources */,
				4094045A216265F200002636 /* HistoryModuleApi.swift in Sources */,
				414D0402216C87D50035B3D2 /* ChartsRouter.swift in Sources */,
				410EB1042164A66700515C3E /* LoginPresenter.swift in Sources */,
				4094045B216265F200002636 /* HistoryInteractor.swift in Sources */,
				41DB53432163A189009C8755 /* HistoryCollectionViewCell.swift in Sources */,
				414D041F216F4E860035B3D2 /* AttachedImageViewView.swift in Sources */,
				414D041B216F4E860035B3D2 /* AttachedImageViewPresenter.swift in Sources */,
				410EB1182164DF3400515C3E /* NewHistoryDataInteractor.swift in Sources */,
				410EB10A2164B9CC00515C3E /* UserAuth.swift in Sources */,
				406D2F6F21635F29009A6586 /* AppModules.swift in Sources */,
				414D041C216F4E860035B3D2 /* AttachedImageViewRouter.swift in Sources */,
				410EB1192164DF3400515C3E /* NewHistoryDataView.swift in Sources */,
				41F4FC492179CB8B00B43468 /* UIImagePickerControllerDelegate+Rx.swift in Sources */,
				410EB1142164DF3400515C3E /* NewHistoryDataDisplayData.swift in Sources */,
				40940458216265F200002636 /* HistoryPresenter.swift in Sources */,
				410EB1032164A66700515C3E /* LoginDisplayData.swift in Sources */,
				410EB1062164A66700515C3E /* LoginModuleApi.swift in Sources */,
				40940457216265F200002636 /* HistoryDisplayData.swift in Sources */,
				414D041E216F4E860035B3D2 /* AttachedImageViewInteractor.swift in Sources */,
			);
			runOnlyForDeploymentPostprocessing = 0;
		};
		4094043A21624B2000002636 /* Sources */ = {
			isa = PBXSourcesBuildPhase;
			buildActionMask = 2147483647;
			files = (
				4094044321624B2000002636 /* CarCostsTrackerTests.swift in Sources */,
			);
			runOnlyForDeploymentPostprocessing = 0;
		};
/* End PBXSourcesBuildPhase section */

/* Begin PBXTargetDependency section */
		4094044021624B2000002636 /* PBXTargetDependency */ = {
			isa = PBXTargetDependency;
			target = 4094042921624B1F00002636 /* CarCostsTracker */;
			targetProxy = 4094043F21624B2000002636 /* PBXContainerItemProxy */;
		};
/* End PBXTargetDependency section */

/* Begin PBXVariantGroup section */
		4094043621624B2000002636 /* LaunchScreen.storyboard */ = {
			isa = PBXVariantGroup;
			children = (
				4094043721624B2000002636 /* Base */,
			);
			name = LaunchScreen.storyboard;
			sourceTree = "<group>";
		};
/* End PBXVariantGroup section */

/* Begin XCBuildConfiguration section */
		4094044521624B2000002636 /* Debug */ = {
			isa = XCBuildConfiguration;
			buildSettings = {
				ALWAYS_SEARCH_USER_PATHS = NO;
				CLANG_ANALYZER_NONNULL = YES;
				CLANG_ANALYZER_NUMBER_OBJECT_CONVERSION = YES_AGGRESSIVE;
				CLANG_CXX_LANGUAGE_STANDARD = "gnu++14";
				CLANG_CXX_LIBRARY = "libc++";
				CLANG_ENABLE_MODULES = YES;
				CLANG_ENABLE_OBJC_ARC = YES;
				CLANG_ENABLE_OBJC_WEAK = YES;
				CLANG_WARN_BLOCK_CAPTURE_AUTORELEASING = YES;
				CLANG_WARN_BOOL_CONVERSION = YES;
				CLANG_WARN_COMMA = YES;
				CLANG_WARN_CONSTANT_CONVERSION = YES;
				CLANG_WARN_DEPRECATED_OBJC_IMPLEMENTATIONS = YES;
				CLANG_WARN_DIRECT_OBJC_ISA_USAGE = YES_ERROR;
				CLANG_WARN_DOCUMENTATION_COMMENTS = YES;
				CLANG_WARN_EMPTY_BODY = YES;
				CLANG_WARN_ENUM_CONVERSION = YES;
				CLANG_WARN_INFINITE_RECURSION = YES;
				CLANG_WARN_INT_CONVERSION = YES;
				CLANG_WARN_NON_LITERAL_NULL_CONVERSION = YES;
				CLANG_WARN_OBJC_IMPLICIT_RETAIN_SELF = YES;
				CLANG_WARN_OBJC_LITERAL_CONVERSION = YES;
				CLANG_WARN_OBJC_ROOT_CLASS = YES_ERROR;
				CLANG_WARN_RANGE_LOOP_ANALYSIS = YES;
				CLANG_WARN_STRICT_PROTOTYPES = YES;
				CLANG_WARN_SUSPICIOUS_MOVE = YES;
				CLANG_WARN_UNGUARDED_AVAILABILITY = YES_AGGRESSIVE;
				CLANG_WARN_UNREACHABLE_CODE = YES;
				CLANG_WARN__DUPLICATE_METHOD_MATCH = YES;
				CODE_SIGN_IDENTITY = "iPhone Developer";
				COPY_PHASE_STRIP = NO;
				DEBUG_INFORMATION_FORMAT = dwarf;
				ENABLE_STRICT_OBJC_MSGSEND = YES;
				ENABLE_TESTABILITY = YES;
				GCC_C_LANGUAGE_STANDARD = gnu11;
				GCC_DYNAMIC_NO_PIC = NO;
				GCC_NO_COMMON_BLOCKS = YES;
				GCC_OPTIMIZATION_LEVEL = 0;
				GCC_PREPROCESSOR_DEFINITIONS = (
					"DEBUG=1",
					"$(inherited)",
				);
				GCC_WARN_64_TO_32_BIT_CONVERSION = YES;
				GCC_WARN_ABOUT_RETURN_TYPE = YES_ERROR;
				GCC_WARN_UNDECLARED_SELECTOR = YES;
				GCC_WARN_UNINITIALIZED_AUTOS = YES_AGGRESSIVE;
				GCC_WARN_UNUSED_FUNCTION = YES;
				GCC_WARN_UNUSED_VARIABLE = YES;
				IPHONEOS_DEPLOYMENT_TARGET = 12.0;
				MTL_ENABLE_DEBUG_INFO = INCLUDE_SOURCE;
				MTL_FAST_MATH = YES;
				ONLY_ACTIVE_ARCH = YES;
				SDKROOT = iphoneos;
				SWIFT_ACTIVE_COMPILATION_CONDITIONS = DEBUG;
				SWIFT_OPTIMIZATION_LEVEL = "-Onone";
			};
			name = Debug;
		};
		4094044621624B2000002636 /* Release */ = {
			isa = XCBuildConfiguration;
			buildSettings = {
				ALWAYS_SEARCH_USER_PATHS = NO;
				CLANG_ANALYZER_NONNULL = YES;
				CLANG_ANALYZER_NUMBER_OBJECT_CONVERSION = YES_AGGRESSIVE;
				CLANG_CXX_LANGUAGE_STANDARD = "gnu++14";
				CLANG_CXX_LIBRARY = "libc++";
				CLANG_ENABLE_MODULES = YES;
				CLANG_ENABLE_OBJC_ARC = YES;
				CLANG_ENABLE_OBJC_WEAK = YES;
				CLANG_WARN_BLOCK_CAPTURE_AUTORELEASING = YES;
				CLANG_WARN_BOOL_CONVERSION = YES;
				CLANG_WARN_COMMA = YES;
				CLANG_WARN_CONSTANT_CONVERSION = YES;
				CLANG_WARN_DEPRECATED_OBJC_IMPLEMENTATIONS = YES;
				CLANG_WARN_DIRECT_OBJC_ISA_USAGE = YES_ERROR;
				CLANG_WARN_DOCUMENTATION_COMMENTS = YES;
				CLANG_WARN_EMPTY_BODY = YES;
				CLANG_WARN_ENUM_CONVERSION = YES;
				CLANG_WARN_INFINITE_RECURSION = YES;
				CLANG_WARN_INT_CONVERSION = YES;
				CLANG_WARN_NON_LITERAL_NULL_CONVERSION = YES;
				CLANG_WARN_OBJC_IMPLICIT_RETAIN_SELF = YES;
				CLANG_WARN_OBJC_LITERAL_CONVERSION = YES;
				CLANG_WARN_OBJC_ROOT_CLASS = YES_ERROR;
				CLANG_WARN_RANGE_LOOP_ANALYSIS = YES;
				CLANG_WARN_STRICT_PROTOTYPES = YES;
				CLANG_WARN_SUSPICIOUS_MOVE = YES;
				CLANG_WARN_UNGUARDED_AVAILABILITY = YES_AGGRESSIVE;
				CLANG_WARN_UNREACHABLE_CODE = YES;
				CLANG_WARN__DUPLICATE_METHOD_MATCH = YES;
				CODE_SIGN_IDENTITY = "iPhone Developer";
				COPY_PHASE_STRIP = NO;
				DEBUG_INFORMATION_FORMAT = "dwarf-with-dsym";
				ENABLE_NS_ASSERTIONS = NO;
				ENABLE_STRICT_OBJC_MSGSEND = YES;
				GCC_C_LANGUAGE_STANDARD = gnu11;
				GCC_NO_COMMON_BLOCKS = YES;
				GCC_WARN_64_TO_32_BIT_CONVERSION = YES;
				GCC_WARN_ABOUT_RETURN_TYPE = YES_ERROR;
				GCC_WARN_UNDECLARED_SELECTOR = YES;
				GCC_WARN_UNINITIALIZED_AUTOS = YES_AGGRESSIVE;
				GCC_WARN_UNUSED_FUNCTION = YES;
				GCC_WARN_UNUSED_VARIABLE = YES;
				IPHONEOS_DEPLOYMENT_TARGET = 12.0;
				MTL_ENABLE_DEBUG_INFO = NO;
				MTL_FAST_MATH = YES;
				SDKROOT = iphoneos;
				SWIFT_COMPILATION_MODE = wholemodule;
				SWIFT_OPTIMIZATION_LEVEL = "-O";
				VALIDATE_PRODUCT = YES;
			};
			name = Release;
		};
		4094044821624B2000002636 /* Debug */ = {
			isa = XCBuildConfiguration;
			baseConfigurationReference = 0365ECBA2F00E5FAC69FD5EF /* Pods-CarCostsTracker.debug.xcconfig */;
			buildSettings = {
				ASSETCATALOG_COMPILER_APPICON_NAME = AppIcon;
				CODE_SIGN_STYLE = Automatic;
				DEVELOPMENT_TEAM = L66A9JGMWU;
				INFOPLIST_FILE = "$(SRCROOT)/CarCostsTracker/Supporting/Info.plist";
				IPHONEOS_DEPLOYMENT_TARGET = 11;
				LD_RUNPATH_SEARCH_PATHS = (
					"$(inherited)",
					"@executable_path/Frameworks",
				);
				PRODUCT_BUNDLE_IDENTIFIER = "com.internship-pavelsVetlugins.CarCostsTracker";
				PRODUCT_NAME = "$(TARGET_NAME)";
				SWIFT_VERSION = 4.2;
				TARGETED_DEVICE_FAMILY = "1,2";
			};
			name = Debug;
		};
		4094044921624B2000002636 /* Release */ = {
			isa = XCBuildConfiguration;
			baseConfigurationReference = F92AC99AFDE02AA40EE6A7E4 /* Pods-CarCostsTracker.release.xcconfig */;
			buildSettings = {
				ASSETCATALOG_COMPILER_APPICON_NAME = AppIcon;
				CODE_SIGN_STYLE = Automatic;
				DEVELOPMENT_TEAM = L66A9JGMWU;
				INFOPLIST_FILE = "$(SRCROOT)/CarCostsTracker/Supporting/Info.plist";
				IPHONEOS_DEPLOYMENT_TARGET = 11;
				LD_RUNPATH_SEARCH_PATHS = (
					"$(inherited)",
					"@executable_path/Frameworks",
				);
				PRODUCT_BUNDLE_IDENTIFIER = "com.internship-pavelsVetlugins.CarCostsTracker";
				PRODUCT_NAME = "$(TARGET_NAME)";
				SWIFT_VERSION = 4.2;
				TARGETED_DEVICE_FAMILY = "1,2";
			};
			name = Release;
		};
		4094044B21624B2000002636 /* Debug */ = {
			isa = XCBuildConfiguration;
			baseConfigurationReference = 53EBE42513C43B80F7DEEB60 /* Pods-CarCostsTrackerTests.debug.xcconfig */;
			buildSettings = {
				ALWAYS_EMBED_SWIFT_STANDARD_LIBRARIES = YES;
				BUNDLE_LOADER = "$(TEST_HOST)";
				CODE_SIGN_STYLE = Automatic;
				DEVELOPMENT_TEAM = 9G5T356VCK;
				INFOPLIST_FILE = CarCostsTrackerTests/Info.plist;
				LD_RUNPATH_SEARCH_PATHS = (
					"$(inherited)",
					"@executable_path/Frameworks",
					"@loader_path/Frameworks",
				);
				PRODUCT_BUNDLE_IDENTIFIER = "com.ilyas-karshigabekov.CarCostsTrackerTests";
				PRODUCT_NAME = "$(TARGET_NAME)";
				SWIFT_VERSION = 4.2;
				TARGETED_DEVICE_FAMILY = "1,2";
				TEST_HOST = "$(BUILT_PRODUCTS_DIR)/CarCostsTracker.app/CarCostsTracker";
			};
			name = Debug;
		};
		4094044C21624B2000002636 /* Release */ = {
			isa = XCBuildConfiguration;
			baseConfigurationReference = 2548E44A2F1FBE28849AB0C9 /* Pods-CarCostsTrackerTests.release.xcconfig */;
			buildSettings = {
				ALWAYS_EMBED_SWIFT_STANDARD_LIBRARIES = YES;
				BUNDLE_LOADER = "$(TEST_HOST)";
				CODE_SIGN_STYLE = Automatic;
				DEVELOPMENT_TEAM = 9G5T356VCK;
				INFOPLIST_FILE = CarCostsTrackerTests/Info.plist;
				LD_RUNPATH_SEARCH_PATHS = (
					"$(inherited)",
					"@executable_path/Frameworks",
					"@loader_path/Frameworks",
				);
				PRODUCT_BUNDLE_IDENTIFIER = "com.ilyas-karshigabekov.CarCostsTrackerTests";
				PRODUCT_NAME = "$(TARGET_NAME)";
				SWIFT_VERSION = 4.2;
				TARGETED_DEVICE_FAMILY = "1,2";
				TEST_HOST = "$(BUILT_PRODUCTS_DIR)/CarCostsTracker.app/CarCostsTracker";
			};
			name = Release;
		};
/* End XCBuildConfiguration section */

/* Begin XCConfigurationList section */
		4094042521624B1F00002636 /* Build configuration list for PBXProject "CarCostsTracker" */ = {
			isa = XCConfigurationList;
			buildConfigurations = (
				4094044521624B2000002636 /* Debug */,
				4094044621624B2000002636 /* Release */,
			);
			defaultConfigurationIsVisible = 0;
			defaultConfigurationName = Release;
		};
		4094044721624B2000002636 /* Build configuration list for PBXNativeTarget "CarCostsTracker" */ = {
			isa = XCConfigurationList;
			buildConfigurations = (
				4094044821624B2000002636 /* Debug */,
				4094044921624B2000002636 /* Release */,
			);
			defaultConfigurationIsVisible = 0;
			defaultConfigurationName = Release;
		};
		4094044A21624B2000002636 /* Build configuration list for PBXNativeTarget "CarCostsTrackerTests" */ = {
			isa = XCConfigurationList;
			buildConfigurations = (
				4094044B21624B2000002636 /* Debug */,
				4094044C21624B2000002636 /* Release */,
			);
			defaultConfigurationIsVisible = 0;
			defaultConfigurationName = Release;
		};
/* End XCConfigurationList section */
	};
	rootObject = 4094042221624B1F00002636 /* Project object */;
}
